{
  "version": 4,
  "terraform_version": "1.11.1",
  "serial": 2,
  "lineage": "4e20d66f-70ce-9666-23fa-b1b40cf82435",
  "outputs": {
    "vpc_id": {
      "value": "vpc-0f42e6907d66360bb",
      "type": "string"
    }
  },
  "resources": [
    {
      "mode": "managed",
      "type": "aws_vpc",
      "name": "demo",
      "provider": "provider[\"registry.terraform.io/hashicorp/aws\"]",
      "instances": [
        {
          "schema_version": 1,
          "attributes": {
            "arn": "arn:aws:ec2:ap-south-1:992303535017:vpc/vpc-0f42e6907d66360bb",
            "assign_generated_ipv6_cidr_block": false,
            "cidr_block": "10.0.0.0/16",
            "default_network_acl_id": "acl-00f776b232e02f18d",
            "default_route_table_id": "rtb-04f2aed39d144a96d",
            "default_security_group_id": "sg-0923e40f7c178056a",
            "dhcp_options_id": "dopt-0e09a1a17dc45a077",
            "enable_dns_hostnames": true,
            "enable_dns_support": true,
            "enable_network_address_usage_metrics": false,
            "id": "vpc-0f42e6907d66360bb",
            "instance_tenancy": "default",
            "ipv4_ipam_pool_id": null,
            "ipv4_netmask_length": null,
            "ipv6_association_id": "",
            "ipv6_cidr_block": "",
            "ipv6_cidr_block_network_border_group": "",
            "ipv6_ipam_pool_id": "",
            "ipv6_netmask_length": 0,
            "main_route_table_id": "rtb-04f2aed39d144a96d",
            "owner_id": "992303535017",
            "region": "ap-south-1",
            "tags": {
              "Name": "hands-on-vpc"
            },
            "tags_all": {
              "Name": "hands-on-vpc"
            }
          },
          "sensitive_attributes": [],
          "private": "eyJzY2hlbWFfdmVyc2lvbiI6IjEifQ=="
        }
      ]
    }
  ],
  "check_results": null
}
